
Microsoft Visual Studio Solution File, Format Version 12.00
# Visual Studio Version 16
VisualStudioVersion = 16.0.31313.79
MinimumVisualStudioVersion = 10.0.40219.1
Project("{FAE04EC0-301F-11D3-BF4B-00C04F79EFBC}") = "EmployeeManagementSystem", "EmployeeManagementSystem\EmployeeManagementSystem.csproj", "{35D65258-A99C-4EA3-ADD3-64765C717E0F}"
EndProject
Project("{FAE04EC0-301F-11D3-BF4B-00C04F79EFBC}") = "EmployeeManagement.BusinessLogic", "EmployeeManagement.BusinessLogic\EmployeeManagement.BusinessLogic.csproj", "{5CF8E9A2-6167-4075-866F-BD7E75EB8A5C}"
EndProject
Project("{FAE04EC0-301F-11D3-BF4B-00C04F79EFBC}") = "EmployeeManagement.Data", "EmployeeManagement.Data\EmployeeManagement.Data.csproj", "{784B6748-D58F-4C5A-99BF-CDF961654E32}"
EndProject
Global
	GlobalSection(SolutionConfigurationPlatforms) = preSolution
		Debug|Any CPU = Debug|Any CPU
		Release|Any CPU = Release|Any CPU
	EndGlobalSection
	GlobalSection(ProjectConfigurationPlatforms) = postSolution
		{35D65258-A99C-4EA3-ADD3-64765C717E0F}.Debug|Any CPU.ActiveCfg = Debug|Any CPU
		{35D65258-A99C-4EA3-ADD3-64765C717E0F}.Debug|Any CPU.Build.0 = Debug|Any CPU
		{35D65258-A99C-4EA3-ADD3-64765C717E0F}.Release|Any CPU.ActiveCfg = Release|Any CPU
		{35D65258-A99C-4EA3-ADD3-64765C717E0F}.Release|Any CPU.Build.0 = Release|Any CPU
		{5CF8E9A2-6167-4075-866F-BD7E75EB8A5C}.Debug|Any CPU.ActiveCfg = Debug|Any CPU
		{5CF8E9A2-6167-4075-866F-BD7E75EB8A5C}.Debug|Any CPU.Build.0 = Debug|Any CPU
		{5CF8E9A2-6167-4075-866F-BD7E75EB8A5C}.Release|Any CPU.ActiveCfg = Release|Any CPU
		{5CF8E9A2-6167-4075-866F-BD7E75EB8A5C}.Release|Any CPU.Build.0 = Release|Any CPU
		{784B6748-D58F-4C5A-99BF-CDF961654E32}.Debug|Any CPU.ActiveCfg = Debug|Any CPU
		{784B6748-D58F-4C5A-99BF-CDF961654E32}.Debug|Any CPU.Build.0 = Debug|Any CPU
		{784B6748-D58F-4C5A-99BF-CDF961654E32}.Release|Any CPU.ActiveCfg = Release|Any CPU
		{784B6748-D58F-4C5A-99BF-CDF961654E32}.Release|Any CPU.Build.0 = Release|Any CPU
	EndGlobalSection
	GlobalSection(SolutionProperties) = preSolution
		HideSolutionNode = FALSE
	EndGlobalSection
	GlobalSection(ExtensibilityGlobals) = postSolution
		SolutionGuid = {6CFA6554-0B19-42AD-8AB9-217C23B4D743}
	EndGlobalSection
EndGlobal
